
Microsoft Visual Studio Solution File, Format Version 12.00
# Visual Studio Version 17
VisualStudioVersion = 17.5.33424.131
MinimumVisualStudioVersion = 10.0.40219.1
Project("{9A19103F-16F7-4668-BE54-9A1E7A4F7556}") = "01. Hello SoftUni", "01. Hello SoftUni\01. Hello SoftUni.csproj", "{291DA439-7430-435D-B66E-E9BCE8E9986F}"
EndProject
Project("{9A19103F-16F7-4668-BE54-9A1E7A4F7556}") = "03. Rectangle Area", "03. Rectangle Area\03. Rectangle Area.csproj", "{11D22505-9428-4565-AEE9-87B5547D2481}"
EndProject
Project("{9A19103F-16F7-4668-BE54-9A1E7A4F7556}") = "04. Inch to Cm converte", "04. Inch to Cm converte\04. Inch to Cm converte.csproj", "{F8AB98AE-635E-4688-873C-E8E22FE21498}"
EndProject
Project("{9A19103F-16F7-4668-BE54-9A1E7A4F7556}") = "05. Name Greeting", "05. Name Greeting\05. Name Greeting.csproj", "{EF549D27-99ED-4B49-96D6-F9F8B9AB0E00}"
EndProject
Project("{9A19103F-16F7-4668-BE54-9A1E7A4F7556}") = "06. Concatenation", "06. Concatenation\06. Concatenation.csproj", "{F2FD78EA-0961-4AD6-845F-8EF45C7828D9}"
EndProject
Project("{9A19103F-16F7-4668-BE54-9A1E7A4F7556}") = "07. Project making", "07. Project making\07. Project making.csproj", "{775D90E0-0260-425C-9649-9ABE9DCF8D0D}"
EndProject
Project("{9A19103F-16F7-4668-BE54-9A1E7A4F7556}") = "08. Zooshop", "08. Zooshop\08. Zooshop.csproj", "{23A9AB2B-1776-4823-B932-A49545921886}"
EndProject
Project("{9A19103F-16F7-4668-BE54-9A1E7A4F7556}") = "09. Garden", "09. Garden\09. Garden.csproj", "{7DAE6039-EB64-4529-9435-4200837F4AD8}"
EndProject
Project("{FAE04EC0-301F-11D3-BF4B-00C04F79EFBC}") = "02. Nums 1 to 10", "02. Nums 1 to 10\02. Nums 1 to 10.csproj", "{8284EA26-EE77-4127-91F1-3C8065BFE39D}"
EndProject
Global
	GlobalSection(SolutionConfigurationPlatforms) = preSolution
		Debug|Any CPU = Debug|Any CPU
		Release|Any CPU = Release|Any CPU
	EndGlobalSection
	GlobalSection(ProjectConfigurationPlatforms) = postSolution
		{291DA439-7430-435D-B66E-E9BCE8E9986F}.Debug|Any CPU.ActiveCfg = Debug|Any CPU
		{291DA439-7430-435D-B66E-E9BCE8E9986F}.Debug|Any CPU.Build.0 = Debug|Any CPU
		{291DA439-7430-435D-B66E-E9BCE8E9986F}.Release|Any CPU.ActiveCfg = Release|Any CPU
		{291DA439-7430-435D-B66E-E9BCE8E9986F}.Release|Any CPU.Build.0 = Release|Any CPU
		{11D22505-9428-4565-AEE9-87B5547D2481}.Debug|Any CPU.ActiveCfg = Debug|Any CPU
		{11D22505-9428-4565-AEE9-87B5547D2481}.Debug|Any CPU.Build.0 = Debug|Any CPU
		{11D22505-9428-4565-AEE9-87B5547D2481}.Release|Any CPU.ActiveCfg = Release|Any CPU
		{11D22505-9428-4565-AEE9-87B5547D2481}.Release|Any CPU.Build.0 = Release|Any CPU
		{F8AB98AE-635E-4688-873C-E8E22FE21498}.Debug|Any CPU.ActiveCfg = Debug|Any CPU
		{F8AB98AE-635E-4688-873C-E8E22FE21498}.Debug|Any CPU.Build.0 = Debug|Any CPU
		{F8AB98AE-635E-4688-873C-E8E22FE21498}.Release|Any CPU.ActiveCfg = Release|Any CPU
		{F8AB98AE-635E-4688-873C-E8E22FE21498}.Release|Any CPU.Build.0 = Release|Any CPU
		{EF549D27-99ED-4B49-96D6-F9F8B9AB0E00}.Debug|Any CPU.ActiveCfg = Debug|Any CPU
		{EF549D27-99ED-4B49-96D6-F9F8B9AB0E00}.Debug|Any CPU.Build.0 = Debug|Any CPU
		{EF549D27-99ED-4B49-96D6-F9F8B9AB0E00}.Release|Any CPU.ActiveCfg = Release|Any CPU
		{EF549D27-99ED-4B49-96D6-F9F8B9AB0E00}.Release|Any CPU.Build.0 = Release|Any CPU
		{F2FD78EA-0961-4AD6-845F-8EF45C7828D9}.Debug|Any CPU.ActiveCfg = Debug|Any CPU
		{F2FD78EA-0961-4AD6-845F-8EF45C7828D9}.Debug|Any CPU.Build.0 = Debug|Any CPU
		{F2FD78EA-0961-4AD6-845F-8EF45C7828D9}.Release|Any CPU.ActiveCfg = Release|Any CPU
		{F2FD78EA-0961-4AD6-845F-8EF45C7828D9}.Release|Any CPU.Build.0 = Release|Any CPU
		{775D90E0-0260-425C-9649-9ABE9DCF8D0D}.Debug|Any CPU.ActiveCfg = Debug|Any CPU
		{775D90E0-0260-425C-9649-9ABE9DCF8D0D}.Debug|Any CPU.Build.0 = Debug|Any CPU
		{775D90E0-0260-425C-9649-9ABE9DCF8D0D}.Release|Any CPU.ActiveCfg = Release|Any CPU
		{775D90E0-0260-425C-9649-9ABE9DCF8D0D}.Release|Any CPU.Build.0 = Release|Any CPU
		{23A9AB2B-1776-4823-B932-A49545921886}.Debug|Any CPU.ActiveCfg = Debug|Any CPU
		{23A9AB2B-1776-4823-B932-A49545921886}.Debug|Any CPU.Build.0 = Debug|Any CPU
		{23A9AB2B-1776-4823-B932-A49545921886}.Release|Any CPU.ActiveCfg = Release|Any CPU
		{23A9AB2B-1776-4823-B932-A49545921886}.Release|Any CPU.Build.0 = Release|Any CPU
		{7DAE6039-EB64-4529-9435-4200837F4AD8}.Debug|Any CPU.ActiveCfg = Debug|Any CPU
		{7DAE6039-EB64-4529-9435-4200837F4AD8}.Debug|Any CPU.Build.0 = Debug|Any CPU
		{7DAE6039-EB64-4529-9435-4200837F4AD8}.Release|Any CPU.ActiveCfg = Release|Any CPU
		{7DAE6039-EB64-4529-9435-4200837F4AD8}.Release|Any CPU.Build.0 = Release|Any CPU
		{8284EA26-EE77-4127-91F1-3C8065BFE39D}.Debug|Any CPU.ActiveCfg = Debug|Any CPU
		{8284EA26-EE77-4127-91F1-3C8065BFE39D}.Debug|Any CPU.Build.0 = Debug|Any CPU
		{8284EA26-EE77-4127-91F1-3C8065BFE39D}.Release|Any CPU.ActiveCfg = Release|Any CPU
		{8284EA26-EE77-4127-91F1-3C8065BFE39D}.Release|Any CPU.Build.0 = Release|Any CPU
	EndGlobalSection
	GlobalSection(SolutionProperties) = preSolution
		HideSolutionNode = FALSE
	EndGlobalSection
	GlobalSection(ExtensibilityGlobals) = postSolution
		SolutionGuid = {959B5A31-8D0D-4607-9932-07E1FCB64A8B}
	EndGlobalSection
EndGlobal
